
Microsoft Visual Studio Solution File, Format Version 12.00
# Visual Studio 15
VisualStudioVersion = 15.0.28307.1000
MinimumVisualStudioVersion = 10.0.40219.1
Project("{8BC9CEB8-8B4A-11D0-8D11-00A0C91BC942}") = "1_30", "1_30\1_30.vcxproj", "{C01CC6F6-3209-41E0-8B48-FFC82380A72F}"
EndProject
Global
	GlobalSection(SolutionConfigurationPlatforms) = preSolution
		Debug|x64 = Debug|x64
		Debug|x86 = Debug|x86
		Release|x64 = Release|x64
		Release|x86 = Release|x86
	EndGlobalSection
	GlobalSection(ProjectConfigurationPlatforms) = postSolution
		{C01CC6F6-3209-41E0-8B48-FFC82380A72F}.Debug|x64.ActiveCfg = Debug|x64
		{C01CC6F6-3209-41E0-8B48-FFC82380A72F}.Debug|x64.Build.0 = Debug|x64
		{C01CC6F6-3209-41E0-8B48-FFC82380A72F}.Debug|x86.ActiveCfg = Debug|Win32
		{C01CC6F6-3209-41E0-8B48-FFC82380A72F}.Debug|x86.Build.0 = Debug|Win32
		{C01CC6F6-3209-41E0-8B48-FFC82380A72F}.Release|x64.ActiveCfg = Release|x64
		{C01CC6F6-3209-41E0-8B48-FFC82380A72F}.Release|x64.Build.0 = Release|x64
		{C01CC6F6-3209-41E0-8B48-FFC82380A72F}.Release|x86.ActiveCfg = Release|Win32
		{C01CC6F6-3209-41E0-8B48-FFC82380A72F}.Release|x86.Build.0 = Release|Win32
	EndGlobalSection
	GlobalSection(SolutionProperties) = preSolution
		HideSolutionNode = FALSE
	EndGlobalSection
	GlobalSection(ExtensibilityGlobals) = postSolution
		SolutionGuid = {CAC21DBA-0131-4B38-ADC3-1CDB70CCE71F}
	EndGlobalSection
EndGlobal
