
Microsoft Visual Studio Solution File, Format Version 12.00
# Visual Studio 15
VisualStudioVersion = 15.0.28307.1022
MinimumVisualStudioVersion = 10.0.40219.1
Project("{8BC9CEB8-8B4A-11D0-8D11-00A0C91BC942}") = "4_11", "4_11\4_11.vcxproj", "{C8FFBC2A-353A-4112-9916-CCD4D1D14ECB}"
EndProject
Global
	GlobalSection(SolutionConfigurationPlatforms) = preSolution
		Debug|x64 = Debug|x64
		Debug|x86 = Debug|x86
		Release|x64 = Release|x64
		Release|x86 = Release|x86
	EndGlobalSection
	GlobalSection(ProjectConfigurationPlatforms) = postSolution
		{C8FFBC2A-353A-4112-9916-CCD4D1D14ECB}.Debug|x64.ActiveCfg = Debug|x64
		{C8FFBC2A-353A-4112-9916-CCD4D1D14ECB}.Debug|x64.Build.0 = Debug|x64
		{C8FFBC2A-353A-4112-9916-CCD4D1D14ECB}.Debug|x86.ActiveCfg = Debug|Win32
		{C8FFBC2A-353A-4112-9916-CCD4D1D14ECB}.Debug|x86.Build.0 = Debug|Win32
		{C8FFBC2A-353A-4112-9916-CCD4D1D14ECB}.Release|x64.ActiveCfg = Release|x64
		{C8FFBC2A-353A-4112-9916-CCD4D1D14ECB}.Release|x64.Build.0 = Release|x64
		{C8FFBC2A-353A-4112-9916-CCD4D1D14ECB}.Release|x86.ActiveCfg = Release|Win32
		{C8FFBC2A-353A-4112-9916-CCD4D1D14ECB}.Release|x86.Build.0 = Release|Win32
	EndGlobalSection
	GlobalSection(SolutionProperties) = preSolution
		HideSolutionNode = FALSE
	EndGlobalSection
	GlobalSection(ExtensibilityGlobals) = postSolution
		SolutionGuid = {53457271-9DDC-42EA-9121-3E563EACBBD3}
	EndGlobalSection
EndGlobal
