
Microsoft Visual Studio Solution File, Format Version 12.00
# Visual Studio 15
VisualStudioVersion = 15.0.28307.1022
MinimumVisualStudioVersion = 10.0.40219.1
Project("{8BC9CEB8-8B4A-11D0-8D11-00A0C91BC942}") = "4_19", "4_19\4_19.vcxproj", "{388E6993-9040-4958-81DF-C7686B7A0B16}"
EndProject
Global
	GlobalSection(SolutionConfigurationPlatforms) = preSolution
		Debug|x64 = Debug|x64
		Debug|x86 = Debug|x86
		Release|x64 = Release|x64
		Release|x86 = Release|x86
	EndGlobalSection
	GlobalSection(ProjectConfigurationPlatforms) = postSolution
		{388E6993-9040-4958-81DF-C7686B7A0B16}.Debug|x64.ActiveCfg = Debug|x64
		{388E6993-9040-4958-81DF-C7686B7A0B16}.Debug|x64.Build.0 = Debug|x64
		{388E6993-9040-4958-81DF-C7686B7A0B16}.Debug|x86.ActiveCfg = Debug|Win32
		{388E6993-9040-4958-81DF-C7686B7A0B16}.Debug|x86.Build.0 = Debug|Win32
		{388E6993-9040-4958-81DF-C7686B7A0B16}.Release|x64.ActiveCfg = Release|x64
		{388E6993-9040-4958-81DF-C7686B7A0B16}.Release|x64.Build.0 = Release|x64
		{388E6993-9040-4958-81DF-C7686B7A0B16}.Release|x86.ActiveCfg = Release|Win32
		{388E6993-9040-4958-81DF-C7686B7A0B16}.Release|x86.Build.0 = Release|Win32
	EndGlobalSection
	GlobalSection(SolutionProperties) = preSolution
		HideSolutionNode = FALSE
	EndGlobalSection
	GlobalSection(ExtensibilityGlobals) = postSolution
		SolutionGuid = {731718DD-9504-410C-BD93-5C763BEA9852}
	EndGlobalSection
EndGlobal
