
Microsoft Visual Studio Solution File, Format Version 12.00
# Visual Studio 15
VisualStudioVersion = 15.0.28307.1022
MinimumVisualStudioVersion = 10.0.40219.1
Project("{8BC9CEB8-8B4A-11D0-8D11-00A0C91BC942}") = "4_30", "4_30\4_30.vcxproj", "{C6CE4D3B-0DEC-4717-A0B7-0D0BCA133638}"
EndProject
Global
	GlobalSection(SolutionConfigurationPlatforms) = preSolution
		Debug|x64 = Debug|x64
		Debug|x86 = Debug|x86
		Release|x64 = Release|x64
		Release|x86 = Release|x86
	EndGlobalSection
	GlobalSection(ProjectConfigurationPlatforms) = postSolution
		{C6CE4D3B-0DEC-4717-A0B7-0D0BCA133638}.Debug|x64.ActiveCfg = Debug|x64
		{C6CE4D3B-0DEC-4717-A0B7-0D0BCA133638}.Debug|x64.Build.0 = Debug|x64
		{C6CE4D3B-0DEC-4717-A0B7-0D0BCA133638}.Debug|x86.ActiveCfg = Debug|Win32
		{C6CE4D3B-0DEC-4717-A0B7-0D0BCA133638}.Debug|x86.Build.0 = Debug|Win32
		{C6CE4D3B-0DEC-4717-A0B7-0D0BCA133638}.Release|x64.ActiveCfg = Release|x64
		{C6CE4D3B-0DEC-4717-A0B7-0D0BCA133638}.Release|x64.Build.0 = Release|x64
		{C6CE4D3B-0DEC-4717-A0B7-0D0BCA133638}.Release|x86.ActiveCfg = Release|Win32
		{C6CE4D3B-0DEC-4717-A0B7-0D0BCA133638}.Release|x86.Build.0 = Release|Win32
	EndGlobalSection
	GlobalSection(SolutionProperties) = preSolution
		HideSolutionNode = FALSE
	EndGlobalSection
	GlobalSection(ExtensibilityGlobals) = postSolution
		SolutionGuid = {0F75881D-23A5-4FC1-8856-2EB3D8558796}
	EndGlobalSection
EndGlobal
